// !$*UTF8*$!
{
	archiveVersion = 1;
	classes = {
	};
	objectVersion = 56;
	objects = {

/* Begin PBXBuildFile section */
		22655FCD298A8BB00029539D /* BullseyeApp.swift in Sources */ = {isa = PBXBuildFile; fileRef = 22655FCC298A8BB00029539D /* BullseyeApp.swift */; };
		22655FCF298A8BB00029539D /* ContentView.swift in Sources */ = {isa = PBXBuildFile; fileRef = 22655FCE298A8BB00029539D /* ContentView.swift */; };
		22655FD1298A8BB00029539D /* Assets.xcassets in Resources */ = {isa = PBXBuildFile; fileRef = 22655FD0298A8BB00029539D /* Assets.xcassets */; };
		22655FD4298A8BB00029539D /* Preview Assets.xcassets in Resources */ = {isa = PBXBuildFile; fileRef = 22655FD3298A8BB00029539D /* Preview Assets.xcassets */; };
		22655FDE298A8BB10029539D /* BullseyeTests.swift in Sources */ = {isa = PBXBuildFile; fileRef = 22655FDD298A8BB10029539D /* BullseyeTests.swift */; };
		22655FE8298A8BB10029539D /* BullseyeUITests.swift in Sources */ = {isa = PBXBuildFile; fileRef = 22655FE7298A8BB10029539D /* BullseyeUITests.swift */; };
		22655FEA298A8BB10029539D /* BullseyeUITestsLaunchTests.swift in Sources */ = {isa = PBXBuildFile; fileRef = 22655FE9298A8BB10029539D /* BullseyeUITestsLaunchTests.swift */; };
		22655FFA298BD4AB0029539D /* Game.swift in Sources */ = {isa = PBXBuildFile; fileRef = 22655FF9298BD4AB0029539D /* Game.swift */; };
		22655FFC298CF7220029539D /* TextViews.swift in Sources */ = {isa = PBXBuildFile; fileRef = 22655FFB298CF7220029539D /* TextViews.swift */; };
		22655FFE298D02000029539D /* Shapes.swift in Sources */ = {isa = PBXBuildFile; fileRef = 22655FFD298D02000029539D /* Shapes.swift */; };
		22656000298D05CD0029539D /* RoundViews.swift in Sources */ = {isa = PBXBuildFile; fileRef = 22655FFF298D05CD0029539D /* RoundViews.swift */; };
		22656002298D0C810029539D /* BackgroundView.swift in Sources */ = {isa = PBXBuildFile; fileRef = 22656001298D0C810029539D /* BackgroundView.swift */; };
		22656004298D3C6D0029539D /* PointsView.swift in Sources */ = {isa = PBXBuildFile; fileRef = 22656003298D3C6D0029539D /* PointsView.swift */; };
		22F3247E29912ADE00945A5A /* Constants.swift in Sources */ = {isa = PBXBuildFile; fileRef = 22F3247D29912ADE00945A5A /* Constants.swift */; };
		22F324802991386D00945A5A /* LeaderboardView.swift in Sources */ = {isa = PBXBuildFile; fileRef = 22F3247F2991386D00945A5A /* LeaderboardView.swift */; };
/* End PBXBuildFile section */

/* Begin PBXContainerItemProxy section */
		22655FDA298A8BB00029539D /* PBXContainerItemProxy */ = {
			isa = PBXContainerItemProxy;
			containerPortal = 22655FC1298A8BB00029539D /* Project object */;
			proxyType = 1;
			remoteGlobalIDString = 22655FC8298A8BB00029539D;
			remoteInfo = Bullseye;
		};
		22655FE4298A8BB10029539D /* PBXContainerItemProxy */ = {
			isa = PBXContainerItemProxy;
			containerPortal = 22655FC1298A8BB00029539D /* Project object */;
			proxyType = 1;
			remoteGlobalIDString = 22655FC8298A8BB00029539D;
			remoteInfo = Bullseye;
		};
/* End PBXContainerItemProxy section */

/* Begin PBXFileReference section */
		22655FC9298A8BB00029539D /* Bullseye.app */ = {isa = PBXFileReference; explicitFileType = wrapper.application; includeInIndex = 0; path = Bullseye.app; sourceTree = BUILT_PRODUCTS_DIR; };
		22655FCC298A8BB00029539D /* BullseyeApp.swift */ = {isa = PBXFileReference; lastKnownFileType = sourcecode.swift; path = BullseyeApp.swift; sourceTree = "<group>"; };
		22655FCE298A8BB00029539D /* ContentView.swift */ = {isa = PBXFileReference; lastKnownFileType = sourcecode.swift; path = ContentView.swift; sourceTree = "<group>"; };
		22655FD0298A8BB00029539D /* Assets.xcassets */ = {isa = PBXFileReference; lastKnownFileType = folder.assetcatalog; path = Assets.xcassets; sourceTree = "<group>"; };
		22655FD3298A8BB00029539D /* Preview Assets.xcassets */ = {isa = PBXFileReference; lastKnownFileType = folder.assetcatalog; path = "Preview Assets.xcassets"; sourceTree = "<group>"; };
		22655FD9298A8BB00029539D /* BullseyeTests.xctest */ = {isa = PBXFileReference; explicitFileType = wrapper.cfbundle; includeInIndex = 0; path = BullseyeTests.xctest; sourceTree = BUILT_PRODUCTS_DIR; };
		22655FDD298A8BB10029539D /* BullseyeTests.swift */ = {isa = PBXFileReference; lastKnownFileType = sourcecode.swift; path = BullseyeTests.swift; sourceTree = "<group>"; };
		22655FE3298A8BB10029539D /* BullseyeUITests.xctest */ = {isa = PBXFileReference; explicitFileType = wrapper.cfbundle; includeInIndex = 0; path = BullseyeUITests.xctest; sourceTree = BUILT_PRODUCTS_DIR; };
		22655FE7298A8BB10029539D /* BullseyeUITests.swift */ = {isa = PBXFileReference; lastKnownFileType = sourcecode.swift; path = BullseyeUITests.swift; sourceTree = "<group>"; };
		22655FE9298A8BB10029539D /* BullseyeUITestsLaunchTests.swift */ = {isa = PBXFileReference; lastKnownFileType = sourcecode.swift; path = BullseyeUITestsLaunchTests.swift; sourceTree = "<group>"; };
		22655FF9298BD4AB0029539D /* Game.swift */ = {isa = PBXFileReference; lastKnownFileType = sourcecode.swift; path = Game.swift; sourceTree = "<group>"; };
		22655FFB298CF7220029539D /* TextViews.swift */ = {isa = PBXFileReference; lastKnownFileType = sourcecode.swift; path = TextViews.swift; sourceTree = "<group>"; };
		22655FFD298D02000029539D /* Shapes.swift */ = {isa = PBXFileReference; lastKnownFileType = sourcecode.swift; path = Shapes.swift; sourceTree = "<group>"; };
		22655FFF298D05CD0029539D /* RoundViews.swift */ = {isa = PBXFileReference; lastKnownFileType = sourcecode.swift; path = RoundViews.swift; sourceTree = "<group>"; };
		22656001298D0C810029539D /* BackgroundView.swift */ = {isa = PBXFileReference; lastKnownFileType = sourcecode.swift; path = BackgroundView.swift; sourceTree = "<group>"; };
		22656003298D3C6D0029539D /* PointsView.swift */ = {isa = PBXFileReference; lastKnownFileType = sourcecode.swift; path = PointsView.swift; sourceTree = "<group>"; };
		22F3247D29912ADE00945A5A /* Constants.swift */ = {isa = PBXFileReference; lastKnownFileType = sourcecode.swift; path = Constants.swift; sourceTree = "<group>"; };
		22F3247F2991386D00945A5A /* LeaderboardView.swift */ = {isa = PBXFileReference; lastKnownFileType = sourcecode.swift; path = LeaderboardView.swift; sourceTree = "<group>"; };
/* End PBXFileReference section */

/* Begin PBXFrameworksBuildPhase section */
		22655FC6298A8BB00029539D /* Frameworks */ = {
			isa = PBXFrameworksBuildPhase;
			buildActionMask = 2147483647;
			files = (
			);
			runOnlyForDeploymentPostprocessing = 0;
		};
		22655FD6298A8BB00029539D /* Frameworks */ = {
			isa = PBXFrameworksBuildPhase;
			buildActionMask = 2147483647;
			files = (
			);
			runOnlyForDeploymentPostprocessing = 0;
		};
		22655FE0298A8BB10029539D /* Frameworks */ = {
			isa = PBXFrameworksBuildPhase;
			buildActionMask = 2147483647;
			files = (
			);
			runOnlyForDeploymentPostprocessing = 0;
		};
/* End PBXFrameworksBuildPhase section */

/* Begin PBXGroup section */
		22655FC0298A8BB00029539D = {
			isa = PBXGroup;
			children = (
				22655FCB298A8BB00029539D /* Bullseye */,
				22655FDC298A8BB10029539D /* BullseyeTests */,
				22655FE6298A8BB10029539D /* BullseyeUITests */,
				22655FCA298A8BB00029539D /* Products */,
			);
			sourceTree = "<group>";
		};
		22655FCA298A8BB00029539D /* Products */ = {
			isa = PBXGroup;
			children = (
				22655FC9298A8BB00029539D /* Bullseye.app */,
				22655FD9298A8BB00029539D /* BullseyeTests.xctest */,
				22655FE3298A8BB10029539D /* BullseyeUITests.xctest */,
			);
			name = Products;
			sourceTree = "<group>";
		};
		22655FCB298A8BB00029539D /* Bullseye */ = {
			isa = PBXGroup;
			children = (
				22655FF8298BD31B0029539D /* App */,
				22655FF7298BD2CA0029539D /* Views */,
				22655FF6298BD2AA0029539D /* Models */,
				22655FD2298A8BB00029539D /* Preview Content */,
			);
			path = Bullseye;
			sourceTree = "<group>";
		};
		22655FD2298A8BB00029539D /* Preview Content */ = {
			isa = PBXGroup;
			children = (
				22655FD3298A8BB00029539D /* Preview Assets.xcassets */,
			);
			path = "Preview Content";
			sourceTree = "<group>";
		};
		22655FDC298A8BB10029539D /* BullseyeTests */ = {
			isa = PBXGroup;
			children = (
				22655FDD298A8BB10029539D /* BullseyeTests.swift */,
			);
			path = BullseyeTests;
			sourceTree = "<group>";
		};
		22655FE6298A8BB10029539D /* BullseyeUITests */ = {
			isa = PBXGroup;
			children = (
				22655FE7298A8BB10029539D /* BullseyeUITests.swift */,
				22655FE9298A8BB10029539D /* BullseyeUITestsLaunchTests.swift */,
			);
			path = BullseyeUITests;
			sourceTree = "<group>";
		};
		22655FF6298BD2AA0029539D /* Models */ = {
			isa = PBXGroup;
			children = (
				22655FF9298BD4AB0029539D /* Game.swift */,
				22F3247D29912ADE00945A5A /* Constants.swift */,
			);
			path = Models;
			sourceTree = "<group>";
		};
		22655FF7298BD2CA0029539D /* Views */ = {
			isa = PBXGroup;
			children = (
				22655FCE298A8BB00029539D /* ContentView.swift */,
				22655FFB298CF7220029539D /* TextViews.swift */,
				22655FFD298D02000029539D /* Shapes.swift */,
				22655FFF298D05CD0029539D /* RoundViews.swift */,
				22656001298D0C810029539D /* BackgroundView.swift */,
				22656003298D3C6D0029539D /* PointsView.swift */,
				22F3247F2991386D00945A5A /* LeaderboardView.swift */,
			);
			path = Views;
			sourceTree = "<group>";
		};
		22655FF8298BD31B0029539D /* App */ = {
			isa = PBXGroup;
			children = (
				22655FD0298A8BB00029539D /* Assets.xcassets */,
				22655FCC298A8BB00029539D /* BullseyeApp.swift */,
			);
			path = App;
			sourceTree = "<group>";
		};
/* End PBXGroup section */

/* Begin PBXNativeTarget section */
		22655FC8298A8BB00029539D /* Bullseye */ = {
			isa = PBXNativeTarget;
			buildConfigurationList = 22655FED298A8BB10029539D /* Build configuration list for PBXNativeTarget "Bullseye" */;
			buildPhases = (
				22655FC5298A8BB00029539D /* Sources */,
				22655FC6298A8BB00029539D /* Frameworks */,
				22655FC7298A8BB00029539D /* Resources */,
			);
			buildRules = (
			);
			dependencies = (
			);
			name = Bullseye;
			productName = Bullseye;
			productReference = 22655FC9298A8BB00029539D /* Bullseye.app */;
			productType = "com.apple.product-type.application";
		};
		22655FD8298A8BB00029539D /* BullseyeTests */ = {
			isa = PBXNativeTarget;
			buildConfigurationList = 22655FF0298A8BB10029539D /* Build configuration list for PBXNativeTarget "BullseyeTests" */;
			buildPhases = (
				22655FD5298A8BB00029539D /* Sources */,
				22655FD6298A8BB00029539D /* Frameworks */,
				22655FD7298A8BB00029539D /* Resources */,
			);
			buildRules = (
			);
			dependencies = (
				22655FDB298A8BB00029539D /* PBXTargetDependency */,
			);
			name = BullseyeTests;
			productName = BullseyeTests;
			productReference = 22655FD9298A8BB00029539D /* BullseyeTests.xctest */;
			productType = "com.apple.product-type.bundle.unit-test";
		};
		22655FE2298A8BB10029539D /* BullseyeUITests */ = {
			isa = PBXNativeTarget;
			buildConfigurationList = 22655FF3298A8BB10029539D /* Build configuration list for PBXNativeTarget "BullseyeUITests" */;
			buildPhases = (
				22655FDF298A8BB10029539D /* Sources */,
				22655FE0298A8BB10029539D /* Frameworks */,
				22655FE1298A8BB10029539D /* Resources */,
			);
			buildRules = (
			);
			dependencies = (
				22655FE5298A8BB10029539D /* PBXTargetDependency */,
			);
			name = BullseyeUITests;
			productName = BullseyeUITests;
			productReference = 22655FE3298A8BB10029539D /* BullseyeUITests.xctest */;
			productType = "com.apple.product-type.bundle.ui-testing";
		};
/* End PBXNativeTarget section */

/* Begin PBXProject section */
		22655FC1298A8BB00029539D /* Project object */ = {
			isa = PBXProject;
			attributes = {
				BuildIndependentTargetsInParallel = 1;
				LastSwiftUpdateCheck = 1420;
				LastUpgradeCheck = 1420;
				TargetAttributes = {
					22655FC8298A8BB00029539D = {
						CreatedOnToolsVersion = 14.2;
					};
					22655FD8298A8BB00029539D = {
						CreatedOnToolsVersion = 14.2;
						TestTargetID = 22655FC8298A8BB00029539D;
					};
					22655FE2298A8BB10029539D = {
						CreatedOnToolsVersion = 14.2;
						TestTargetID = 22655FC8298A8BB00029539D;
					};
				};
			};
			buildConfigurationList = 22655FC4298A8BB00029539D /* Build configuration list for PBXProject "Bullseye" */;
			compatibilityVersion = "Xcode 14.0";
			developmentRegion = en;
			hasScannedForEncodings = 0;
			knownRegions = (
				en,
				Base,
			);
			mainGroup = 22655FC0298A8BB00029539D;
			productRefGroup = 22655FCA298A8BB00029539D /* Products */;
			projectDirPath = "";
			projectRoot = "";
			targets = (
				22655FC8298A8BB00029539D /* Bullseye */,
				22655FD8298A8BB00029539D /* BullseyeTests */,
				22655FE2298A8BB10029539D /* BullseyeUITests */,
			);
		};
/* End PBXProject section */

/* Begin PBXResourcesBuildPhase section */
		22655FC7298A8BB00029539D /* Resources */ = {
			isa = PBXResourcesBuildPhase;
			buildActionMask = 2147483647;
			files = (
				22655FD4298A8BB00029539D /* Preview Assets.xcassets in Resources */,
				22655FD1298A8BB00029539D /* Assets.xcassets in Resources */,
			);
			runOnlyForDeploymentPostprocessing = 0;
		};
		22655FD7298A8BB00029539D /* Resources */ = {
			isa = PBXResourcesBuildPhase;
			buildActionMask = 2147483647;
			files = (
			);
			runOnlyForDeploymentPostprocessing = 0;
		};
		22655FE1298A8BB10029539D /* Resources */ = {
			isa = PBXResourcesBuildPhase;
			buildActionMask = 2147483647;
			files = (
			);
			runOnlyForDeploymentPostprocessing = 0;
		};
/* End PBXResourcesBuildPhase section */

/* Begin PBXSourcesBuildPhase section */
		22655FC5298A8BB00029539D /* Sources */ = {
			isa = PBXSourcesBuildPhase;
			buildActionMask = 2147483647;
			files = (
				22F324802991386D00945A5A /* LeaderboardView.swift in Sources */,
				22655FCF298A8BB00029539D /* ContentView.swift in Sources */,
				22655FFC298CF7220029539D /* TextViews.swift in Sources */,
				22655FFE298D02000029539D /* Shapes.swift in Sources */,
				22656004298D3C6D0029539D /* PointsView.swift in Sources */,
				22656002298D0C810029539D /* BackgroundView.swift in Sources */,
				22655FFA298BD4AB0029539D /* Game.swift in Sources */,
				22F3247E29912ADE00945A5A /* Constants.swift in Sources */,
				22655FCD298A8BB00029539D /* BullseyeApp.swift in Sources */,
				22656000298D05CD0029539D /* RoundViews.swift in Sources */,
			);
			runOnlyForDeploymentPostprocessing = 0;
		};
		22655FD5298A8BB00029539D /* Sources */ = {
			isa = PBXSourcesBuildPhase;
			buildActionMask = 2147483647;
			files = (
				22655FDE298A8BB10029539D /* BullseyeTests.swift in Sources */,
			);
			runOnlyForDeploymentPostprocessing = 0;
		};
		22655FDF298A8BB10029539D /* Sources */ = {
			isa = PBXSourcesBuildPhase;
			buildActionMask = 2147483647;
			files = (
				22655FEA298A8BB10029539D /* BullseyeUITestsLaunchTests.swift in Sources */,
				22655FE8298A8BB10029539D /* BullseyeUITests.swift in Sources */,
			);
			runOnlyForDeploymentPostprocessing = 0;
		};
/* End PBXSourcesBuildPhase section */

/* Begin PBXTargetDependency section */
		22655FDB298A8BB00029539D /* PBXTargetDependency */ = {
			isa = PBXTargetDependency;
			target = 22655FC8298A8BB00029539D /* Bullseye */;
			targetProxy = 22655FDA298A8BB00029539D /* PBXContainerItemProxy */;
		};
		22655FE5298A8BB10029539D /* PBXTargetDependency */ = {
			isa = PBXTargetDependency;
			target = 22655FC8298A8BB00029539D /* Bullseye */;
			targetProxy = 22655FE4298A8BB10029539D /* PBXContainerItemProxy */;
		};
/* End PBXTargetDependency section */

/* Begin XCBuildConfiguration section */
		22655FEB298A8BB10029539D /* Debug */ = {
			isa = XCBuildConfiguration;
			buildSettings = {
				ALWAYS_SEARCH_USER_PATHS = NO;
				CLANG_ANALYZER_NONNULL = YES;
				CLANG_ANALYZER_NUMBER_OBJECT_CONVERSION = YES_AGGRESSIVE;
				CLANG_CXX_LANGUAGE_STANDARD = "gnu++20";
				CLANG_ENABLE_MODULES = YES;
				CLANG_ENABLE_OBJC_ARC = YES;
				CLANG_ENABLE_OBJC_WEAK = YES;
				CLANG_WARN_BLOCK_CAPTURE_AUTORELEASING = YES;
				CLANG_WARN_BOOL_CONVERSION = YES;
				CLANG_WARN_COMMA = YES;
				CLANG_WARN_CONSTANT_CONVERSION = YES;
				CLANG_WARN_DEPRECATED_OBJC_IMPLEMENTATIONS = YES;
				CLANG_WARN_DIRECT_OBJC_ISA_USAGE = YES_ERROR;
				CLANG_WARN_DOCUMENTATION_COMMENTS = YES;
				CLANG_WARN_EMPTY_BODY = YES;
				CLANG_WARN_ENUM_CONVERSION = YES;
				CLANG_WARN_INFINITE_RECURSION = YES;
				CLANG_WARN_INT_CONVERSION = YES;
				CLANG_WARN_NON_LITERAL_NULL_CONVERSION = YES;
				CLANG_WARN_OBJC_IMPLICIT_RETAIN_SELF = YES;
				CLANG_WARN_OBJC_LITERAL_CONVERSION = YES;
				CLANG_WARN_OBJC_ROOT_CLASS = YES_ERROR;
				CLANG_WARN_QUOTED_INCLUDE_IN_FRAMEWORK_HEADER = YES;
				CLANG_WARN_RANGE_LOOP_ANALYSIS = YES;
				CLANG_WARN_STRICT_PROTOTYPES = YES;
				CLANG_WARN_SUSPICIOUS_MOVE = YES;
				CLANG_WARN_UNGUARDED_AVAILABILITY = YES_AGGRESSIVE;
				CLANG_WARN_UNREACHABLE_CODE = YES;
				CLANG_WARN__DUPLICATE_METHOD_MATCH = YES;
				COPY_PHASE_STRIP = NO;
				DEBUG_INFORMATION_FORMAT = dwarf;
				ENABLE_STRICT_OBJC_MSGSEND = YES;
				ENABLE_TESTABILITY = YES;
				GCC_C_LANGUAGE_STANDARD = gnu11;
				GCC_DYNAMIC_NO_PIC = NO;
				GCC_NO_COMMON_BLOCKS = YES;
				GCC_OPTIMIZATION_LEVEL = 0;
				GCC_PREPROCESSOR_DEFINITIONS = (
					"DEBUG=1",
					"$(inherited)",
				);
				GCC_WARN_64_TO_32_BIT_CONVERSION = YES;
				GCC_WARN_ABOUT_RETURN_TYPE = YES_ERROR;
				GCC_WARN_UNDECLARED_SELECTOR = YES;
				GCC_WARN_UNINITIALIZED_AUTOS = YES_AGGRESSIVE;
				GCC_WARN_UNUSED_FUNCTION = YES;
				GCC_WARN_UNUSED_VARIABLE = YES;
				IPHONEOS_DEPLOYMENT_TARGET = 16.2;
				MTL_ENABLE_DEBUG_INFO = INCLUDE_SOURCE;
				MTL_FAST_MATH = YES;
				ONLY_ACTIVE_ARCH = YES;
				SDKROOT = iphoneos;
				SWIFT_ACTIVE_COMPILATION_CONDITIONS = DEBUG;
				SWIFT_OPTIMIZATION_LEVEL = "-Onone";
			};
			name = Debug;
		};
		22655FEC298A8BB10029539D /* Release */ = {
			isa = XCBuildConfiguration;
			buildSettings = {
				ALWAYS_SEARCH_USER_PATHS = NO;
				CLANG_ANALYZER_NONNULL = YES;
				CLANG_ANALYZER_NUMBER_OBJECT_CONVERSION = YES_AGGRESSIVE;
				CLANG_CXX_LANGUAGE_STANDARD = "gnu++20";
				CLANG_ENABLE_MODULES = YES;
				CLANG_ENABLE_OBJC_ARC = YES;
				CLANG_ENABLE_OBJC_WEAK = YES;
				CLANG_WARN_BLOCK_CAPTURE_AUTORELEASING = YES;
				CLANG_WARN_BOOL_CONVERSION = YES;
				CLANG_WARN_COMMA = YES;
				CLANG_WARN_CONSTANT_CONVERSION = YES;
				CLANG_WARN_DEPRECATED_OBJC_IMPLEMENTATIONS = YES;
				CLANG_WARN_DIRECT_OBJC_ISA_USAGE = YES_ERROR;
				CLANG_WARN_DOCUMENTATION_COMMENTS = YES;
				CLANG_WARN_EMPTY_BODY = YES;
				CLANG_WARN_ENUM_CONVERSION = YES;
				CLANG_WARN_INFINITE_RECURSION = YES;
				CLANG_WARN_INT_CONVERSION = YES;
				CLANG_WARN_NON_LITERAL_NULL_CONVERSION = YES;
				CLANG_WARN_OBJC_IMPLICIT_RETAIN_SELF = YES;
				CLANG_WARN_OBJC_LITERAL_CONVERSION = YES;
				CLANG_WARN_OBJC_ROOT_CLASS = YES_ERROR;
				CLANG_WARN_QUOTED_INCLUDE_IN_FRAMEWORK_HEADER = YES;
				CLANG_WARN_RANGE_LOOP_ANALYSIS = YES;
				CLANG_WARN_STRICT_PROTOTYPES = YES;
				CLANG_WARN_SUSPICIOUS_MOVE = YES;
				CLANG_WARN_UNGUARDED_AVAILABILITY = YES_AGGRESSIVE;
				CLANG_WARN_UNREACHABLE_CODE = YES;
				CLANG_WARN__DUPLICATE_METHOD_MATCH = YES;
				COPY_PHASE_STRIP = NO;
				DEBUG_INFORMATION_FORMAT = "dwarf-with-dsym";
				ENABLE_NS_ASSERTIONS = NO;
				ENABLE_STRICT_OBJC_MSGSEND = YES;
				GCC_C_LANGUAGE_STANDARD = gnu11;
				GCC_NO_COMMON_BLOCKS = YES;
				GCC_WARN_64_TO_32_BIT_CONVERSION = YES;
				GCC_WARN_ABOUT_RETURN_TYPE = YES_ERROR;
				GCC_WARN_UNDECLARED_SELECTOR = YES;
				GCC_WARN_UNINITIALIZED_AUTOS = YES_AGGRESSIVE;
				GCC_WARN_UNUSED_FUNCTION = YES;
				GCC_WARN_UNUSED_VARIABLE = YES;
				IPHONEOS_DEPLOYMENT_TARGET = 16.2;
				MTL_ENABLE_DEBUG_INFO = NO;
				MTL_FAST_MATH = YES;
				SDKROOT = iphoneos;
				SWIFT_COMPILATION_MODE = wholemodule;
				SWIFT_OPTIMIZATION_LEVEL = "-O";
				VALIDATE_PRODUCT = YES;
			};
			name = Release;
		};
		22655FEE298A8BB10029539D /* Debug */ = {
			isa = XCBuildConfiguration;
			buildSettings = {
				ASSETCATALOG_COMPILER_APPICON_NAME = AppIcon;
				ASSETCATALOG_COMPILER_GLOBAL_ACCENT_COLOR_NAME = AccentColor;
				CODE_SIGN_STYLE = Automatic;
				CURRENT_PROJECT_VERSION = 1;
				DEVELOPMENT_ASSET_PATHS = "\"Bullseye/Preview Content\"";
				DEVELOPMENT_TEAM = P9HCF88VHS;
				ENABLE_PREVIEWS = YES;
				GENERATE_INFOPLIST_FILE = YES;
				INFOPLIST_KEY_CFBundleDisplayName = "Bull's Eye";
				INFOPLIST_KEY_LSApplicationCategoryType = "public.app-category.games";
				INFOPLIST_KEY_UIApplicationSceneManifest_Generation = YES;
				INFOPLIST_KEY_UIApplicationSupportsIndirectInputEvents = YES;
				INFOPLIST_KEY_UILaunchScreen_Generation = YES;
				INFOPLIST_KEY_UISupportedInterfaceOrientations_iPad = "UIInterfaceOrientationPortrait UIInterfaceOrientationPortraitUpsideDown UIInterfaceOrientationLandscapeLeft UIInterfaceOrientationLandscapeRight";
				INFOPLIST_KEY_UISupportedInterfaceOrientations_iPhone = "UIInterfaceOrientationPortrait UIInterfaceOrientationLandscapeLeft UIInterfaceOrientationLandscapeRight";
				IPHONEOS_DEPLOYMENT_TARGET = 16.1;
				LD_RUNPATH_SEARCH_PATHS = (
					"$(inherited)",
					"@executable_path/Frameworks",
				);
				MARKETING_VERSION = 1.0;
				PRODUCT_BUNDLE_IDENTIFIER = com.dany.Bullseye;
				PRODUCT_NAME = "$(TARGET_NAME)";
				SWIFT_EMIT_LOC_STRINGS = YES;
				SWIFT_VERSION = 5.0;
				TARGETED_DEVICE_FAMILY = "1,2";
			};
			name = Debug;
		};
		22655FEF298A8BB10029539D /* Release */ = {
			isa = XCBuildConfiguration;
			buildSettings = {
				ASSETCATALOG_COMPILER_APPICON_NAME = AppIcon;
				ASSETCATALOG_COMPILER_GLOBAL_ACCENT_COLOR_NAME = AccentColor;
				CODE_SIGN_STYLE = Automatic;
				CURRENT_PROJECT_VERSION = 1;
				DEVELOPMENT_ASSET_PATHS = "\"Bullseye/Preview Content\"";
				DEVELOPMENT_TEAM = P9HCF88VHS;
				ENABLE_PREVIEWS = YES;
				GENERATE_INFOPLIST_FILE = YES;
				INFOPLIST_KEY_CFBundleDisplayName = "Bull's Eye";
				INFOPLIST_KEY_LSApplicationCategoryType = "public.app-category.games";
				INFOPLIST_KEY_UIApplicationSceneManifest_Generation = YES;
				INFOPLIST_KEY_UIApplicationSupportsIndirectInputEvents = YES;
				INFOPLIST_KEY_UILaunchScreen_Generation = YES;
				INFOPLIST_KEY_UISupportedInterfaceOrientations_iPad = "UIInterfaceOrientationPortrait UIInterfaceOrientationPortraitUpsideDown UIInterfaceOrientationLandscapeLeft UIInterfaceOrientationLandscapeRight";
				INFOPLIST_KEY_UISupportedInterfaceOrientations_iPhone = "UIInterfaceOrientationPortrait UIInterfaceOrientationLandscapeLeft UIInterfaceOrientationLandscapeRight";
				IPHONEOS_DEPLOYMENT_TARGET = 16.1;
				LD_RUNPATH_SEARCH_PATHS = (
					"$(inherited)",
					"@executable_path/Frameworks",
				);
				MARKETING_VERSION = 1.0;
				PRODUCT_BUNDLE_IDENTIFIER = com.dany.Bullseye;
				PRODUCT_NAME = "$(TARGET_NAME)";
				SWIFT_EMIT_LOC_STRINGS = YES;
				SWIFT_VERSION = 5.0;
				TARGETED_DEVICE_FAMILY = "1,2";
			};
			name = Release;
		};
		22655FF1298A8BB10029539D /* Debug */ = {
			isa = XCBuildConfiguration;
			buildSettings = {
				ALWAYS_EMBED_SWIFT_STANDARD_LIBRARIES = YES;
				BUNDLE_LOADER = "$(TEST_HOST)";
				CODE_SIGN_STYLE = Automatic;
				CURRENT_PROJECT_VERSION = 1;
				GENERATE_INFOPLIST_FILE = YES;
				IPHONEOS_DEPLOYMENT_TARGET = 16.2;
				MARKETING_VERSION = 1.0;
				PRODUCT_BUNDLE_IDENTIFIER = com.dany.BullseyeTests;
				PRODUCT_NAME = "$(TARGET_NAME)";
				SWIFT_EMIT_LOC_STRINGS = NO;
				SWIFT_VERSION = 5.0;
				TARGETED_DEVICE_FAMILY = "1,2";
				TEST_HOST = "$(BUILT_PRODUCTS_DIR)/Bullseye.app/$(BUNDLE_EXECUTABLE_FOLDER_PATH)/Bullseye";
			};
			name = Debug;
		};
		22655FF2298A8BB10029539D /* Release */ = {
			isa = XCBuildConfiguration;
			buildSettings = {
				ALWAYS_EMBED_SWIFT_STANDARD_LIBRARIES = YES;
				BUNDLE_LOADER = "$(TEST_HOST)";
				CODE_SIGN_STYLE = Automatic;
				CURRENT_PROJECT_VERSION = 1;
				GENERATE_INFOPLIST_FILE = YES;
				IPHONEOS_DEPLOYMENT_TARGET = 16.2;
				MARKETING_VERSION = 1.0;
				PRODUCT_BUNDLE_IDENTIFIER = com.dany.BullseyeTests;
				PRODUCT_NAME = "$(TARGET_NAME)";
				SWIFT_EMIT_LOC_STRINGS = NO;
				SWIFT_VERSION = 5.0;
				TARGETED_DEVICE_FAMILY = "1,2";
				TEST_HOST = "$(BUILT_PRODUCTS_DIR)/Bullseye.app/$(BUNDLE_EXECUTABLE_FOLDER_PATH)/Bullseye";
			};
			name = Release;
		};
		22655FF4298A8BB10029539D /* Debug */ = {
			isa = XCBuildConfiguration;
			buildSettings = {
				ALWAYS_EMBED_SWIFT_STANDARD_LIBRARIES = YES;
				CODE_SIGN_STYLE = Automatic;
				CURRENT_PROJECT_VERSION = 1;
				GENERATE_INFOPLIST_FILE = YES;
				MARKETING_VERSION = 1.0;
				PRODUCT_BUNDLE_IDENTIFIER = com.dany.BullseyeUITests;
				PRODUCT_NAME = "$(TARGET_NAME)";
				SWIFT_EMIT_LOC_STRINGS = NO;
				SWIFT_VERSION = 5.0;
				TARGETED_DEVICE_FAMILY = "1,2";
				TEST_TARGET_NAME = Bullseye;
			};
			name = Debug;
		};
		22655FF5298A8BB10029539D /* Release */ = {
			isa = XCBuildConfiguration;
			buildSettings = {
				ALWAYS_EMBED_SWIFT_STANDARD_LIBRARIES = YES;
				CODE_SIGN_STYLE = Automatic;
				CURRENT_PROJECT_VERSION = 1;
				GENERATE_INFOPLIST_FILE = YES;
				MARKETING_VERSION = 1.0;
				PRODUCT_BUNDLE_IDENTIFIER = com.dany.BullseyeUITests;
				PRODUCT_NAME = "$(TARGET_NAME)";
				SWIFT_EMIT_LOC_STRINGS = NO;
				SWIFT_VERSION = 5.0;
				TARGETED_DEVICE_FAMILY = "1,2";
				TEST_TARGET_NAME = Bullseye;
			};
			name = Release;
		};
/* End XCBuildConfiguration section */

/* Begin XCConfigurationList section */
		22655FC4298A8BB00029539D /* Build configuration list for PBXProject "Bullseye" */ = {
			isa = XCConfigurationList;
			buildConfigurations = (
				22655FEB298A8BB10029539D /* Debug */,
				22655FEC298A8BB10029539D /* Release */,
			);
			defaultConfigurationIsVisible = 0;
			defaultConfigurationName = Release;
		};
		22655FED298A8BB10029539D /* Build configuration list for PBXNativeTarget "Bullseye" */ = {
			isa = XCConfigurationList;
			buildConfigurations = (
				22655FEE298A8BB10029539D /* Debug */,
				22655FEF298A8BB10029539D /* Release */,
			);
			defaultConfigurationIsVisible = 0;
			defaultConfigurationName = Release;
		};
		22655FF0298A8BB10029539D /* Build configuration list for PBXNativeTarget "BullseyeTests" */ = {
			isa = XCConfigurationList;
			buildConfigurations = (
				22655FF1298A8BB10029539D /* Debug */,
				22655FF2298A8BB10029539D /* Release */,
			);
			defaultConfigurationIsVisible = 0;
			defaultConfigurationName = Release;
		};
		22655FF3298A8BB10029539D /* Build configuration list for PBXNativeTarget "BullseyeUITests" */ = {
			isa = XCConfigurationList;
			buildConfigurations = (
				22655FF4298A8BB10029539D /* Debug */,
				22655FF5298A8BB10029539D /* Release */,
			);
			defaultConfigurationIsVisible = 0;
			defaultConfigurationName = Release;
		};
/* End XCConfigurationList section */
	};
	rootObject = 22655FC1298A8BB00029539D /* Project object */;
}
